lockfileVersion: 5.4

specifiers:
  '@types/node': ^13.9.3
  nopt: ^4.0.0
  npm: ^6.0.0

dependencies:
  nopt: registry.npmmirror.com/nopt/4.0.3
  npm: registry.npmmirror.com/npm/6.14.3

devDependencies:
  '@types/node': registry.npmmirror.com/@types/node/13.9.3

packages:

  registry.npmmirror.com/@types/node/13.9.3:
    resolution: {integrity: sha512-01s+ac4qerwd6RHD+mVbOEsraDHSgUaefQlEdBbUolnQFjKwCr7luvAlEwW1RFojh67u0z4OUTjPn9LEl4zIkA==, registry: https://registry.npm.taobao.org/, tarball: https://registry.npmmirror.com/@types/node/-/node-13.9.3.tgz}
    name: '@types/node'
    version: 13.9.3
    dev: true

  registry.npmmirror.com/abbrev/1.1.1:
    resolution: {integrity: sha512-nne9/IiQ/hzIhY6pdDnbBtz7DjPTKrY00P/zvPSm5pOFkl6xuGrGnXn/VtTNNfNtAfZ9/1RtehkszU9qcTii0Q==, registry: https://registry.npm.taobao.org/, tarball: https://registry.npmmirror.com/abbrev/-/abbrev-1.1.1.tgz}
    name: abbrev
    version: 1.1.1
    dev: false

  registry.npmmirror.com/nopt/4.0.3:
    resolution: {integrity: sha512-CvaGwVMztSMJLOeXPrez7fyfObdZqNUK1cPAEzLHrTybIua9pMdmmPR5YwtfNftIOMv3DPUhFaxsZMNTQO20Kg==, registry: https://registry.npm.taobao.org/, tarball: https://registry.npmmirror.com/nopt/-/nopt-4.0.3.tgz}
    name: nopt
    version: 4.0.3
    hasBin: true
    dependencies:
      abbrev: registry.npmmirror.com/abbrev/1.1.1
      osenv: registry.npmmirror.com/osenv/0.1.5
    dev: false

  registry.npmmirror.com/npm/6.14.3:
    resolution: {integrity: sha512-3tQYVEEdSGQGYoXhZvNqW8faqCidfMMaL387RdDo4Uu5kQy4IgvJ13NIsWVMQ6e3QWlbicNMSpFiyzYfMUuPDw==, registry: https://registry.npm.taobao.org/, tarball: https://registry.npmmirror.com/npm/-/npm-6.14.3.tgz}
    name: npm
    version: 6.14.3
    engines: {node: 6 >=6.2.0 || 8 || >=9.3.0}
    hasBin: true
    dev: false
    bundledDependencies:
      - abbrev
      - ansicolors
      - ansistyles
      - aproba
      - archy
      - bin-links
      - bluebird
      - byte-size
      - cacache
      - call-limit
      - chownr
      - ci-info
      - cli-columns
      - cli-table3
      - cmd-shim
      - columnify
      - config-chain
      - debuglog
      - detect-indent
      - detect-newline
      - dezalgo
      - editor
      - figgy-pudding
      - find-npm-prefix
      - fs-vacuum
      - fs-write-stream-atomic
      - gentle-fs
      - glob
      - graceful-fs
      - has-unicode
      - hosted-git-info
      - iferr
      - imurmurhash
      - infer-owner
      - inflight
      - inherits
      - ini
      - init-package-json
      - is-cidr
      - json-parse-better-errors
      - JSONStream
      - lazy-property
      - libcipm
      - libnpm
      - libnpmaccess
      - libnpmhook
      - libnpmorg
      - libnpmsearch
      - libnpmteam
      - libnpx
      - lock-verify
      - lockfile
      - lodash._baseindexof
      - lodash._baseuniq
      - lodash._bindcallback
      - lodash._cacheindexof
      - lodash._createcache
      - lodash._getnative
      - lodash.clonedeep
      - lodash.restparam
      - lodash.union
      - lodash.uniq
      - lodash.without
      - lru-cache
      - meant
      - mississippi
      - mkdirp
      - move-concurrently
      - node-gyp
      - nopt
      - normalize-package-data
      - npm-audit-report
      - npm-cache-filename
      - npm-install-checks
      - npm-lifecycle
      - npm-package-arg
      - npm-packlist
      - npm-pick-manifest
      - npm-profile
      - npm-registry-fetch
      - npm-user-validate
      - npmlog
      - once
      - opener
      - osenv
      - pacote
      - path-is-inside
      - promise-inflight
      - qrcode-terminal
      - query-string
      - qw
      - read-cmd-shim
      - read-installed
      - read-package-json
      - read-package-tree
      - read
      - readable-stream
      - readdir-scoped-modules
      - request
      - retry
      - rimraf
      - safe-buffer
      - semver
      - sha
      - slide
      - sorted-object
      - sorted-union-stream
      - ssri
      - stringify-package
      - tar
      - text-table
      - tiny-relative-date
      - uid-number
      - umask
      - unique-filename
      - unpipe
      - update-notifier
      - uuid
      - validate-npm-package-license
      - validate-npm-package-name
      - which
      - worker-farm
      - write-file-atomic

  registry.npmmirror.com/os-homedir/1.0.2:
    resolution: {integrity: sha512-B5JU3cabzk8c67mRRd3ECmROafjYMXbuzlwtqdM8IbS8ktlTix8aFGb2bAGKrSRIlnfKwovGUUr72JUPyOb6kQ==, registry: https://registry.npm.taobao.org/, tarball: https://registry.npmmirror.com/os-homedir/-/os-homedir-1.0.2.tgz}
    name: os-homedir
    version: 1.0.2
    engines: {node: '>=0.10.0'}
    dev: false

  registry.npmmirror.com/os-tmpdir/1.0.2:
    resolution: {integrity: sha512-D2FR03Vir7FIu45XBY20mTb+/ZSWB00sjU9jdQXt83gDrI4Ztz5Fs7/yy74g2N5SVQY4xY1qDr4rNddwYRVX0g==, registry: https://registry.npm.taobao.org/, tarball: https://registry.npmmirror.com/os-tmpdir/-/os-tmpdir-1.0.2.tgz}
    name: os-tmpdir
    version: 1.0.2
    engines: {node: '>=0.10.0'}
    dev: false

  registry.npmmirror.com/osenv/0.1.5:
    resolution: {integrity: sha512-0CWcCECdMVc2Rw3U5w9ZjqX6ga6ubk1xDVKxtBQPK7wis/0F2r9T6k4ydGYhecl7YUBxBVxhL5oisPsNxAPe2g==, registry: https://registry.npm.taobao.org/, tarball: https://registry.npmmirror.com/osenv/-/osenv-0.1.5.tgz}
    name: osenv
    version: 0.1.5
    dependencies:
      os-homedir: registry.npmmirror.com/os-homedir/1.0.2
      os-tmpdir: registry.npmmirror.com/os-tmpdir/1.0.2
    dev: false
